PODS:
  - Capacitor (8.5.2):
    - CapacitorCordova
  - CapacitorBrowser (8.0.5):
    - Capacitor
  - CapacitorCordova (8.5.2)
  - CapacitorSplashScreen (8.0.2):
    - Capacitor

DEPENDENCIES:
  - "Capacitor (from `../../node_modules/@capacitor/ios`)"
  - "CapacitorBrowser (from `../../node_modules/@capacitor/browser`)"
  - "CapacitorCordova (from `../../node_modules/@capacitor/ios`)"
  - "CapacitorSplashScreen (from `../../node_modules/@capacitor/splash-screen`)"

EXTERNAL SOURCES:
  Capacitor:
    :path: "../../node_modules/@capacitor/ios"
  CapacitorBrowser:
    :path: "../../node_modules/@capacitor/browser"
  CapacitorCordova:
    :path: "../../node_modules/@capacitor/ios"
  CapacitorSplashScreen:
    :path: "../../node_modules/@capacitor/splash-screen"

SPEC CHECKSUMS:
  Capacitor: 89067779e14fb7ea56af07b4817f45d1f0c2a269
  CapacitorBrowser: f94f92654e92a97981bf346b3681af76527dace0
  CapacitorCordova: 5bec5648cbd09a176ce34ce5e7b6cdabb2c8a327
  CapacitorSplashScreen: 7bf61c2001557ff9e195e601c6b87344480d3c65

PODFILE CHECKSUM: 22430a28feb7fd3fa87e8d11cf96e10e9fbf707d

COCOAPODS: 1.17.0
